
Microsoft Visual Studio Solution File, Format Version 12.00
# Visual Studio Version 17
VisualStudioVersion = 17.14.36310.24
MinimumVisualStudioVersion = 10.0.40219.1
Project("{FAE04EC0-301F-11D3-BF4B-00C04F79EFBC}") = "KsefApi", "KsefApi\KsefApi.csproj", "{B91A64DC-27D8-41DA-A166-F9D8432AC7AB}"
EndProject
Project("{FAE04EC0-301F-11D3-BF4B-00C04F79EFBC}") = "CertificateManager", "CertificateManager\CertificateManager.csproj", "{D0378405-8767-4A2D-B85B-0A08F3C66596}"
EndProject
Project("{FAE04EC0-301F-11D3-BF4B-00C04F79EFBC}") = "TestKsefFeatures", "TestKsefFeatures\TestKsefFeatures.csproj", "{2A91A8CD-1CFC-4438-9998-DF279CEE7B27}"
EndProject
Global
	GlobalSection(SolutionConfigurationPlatforms) = preSolution
		Debug|Any CPU = Debug|Any CPU
		Release|Any CPU = Release|Any CPU
	EndGlobalSection
	GlobalSection(ProjectConfigurationPlatforms) = postSolution
		{B91A64DC-27D8-41DA-A166-F9D8432AC7AB}.Debug|Any CPU.ActiveCfg = Debug|Any CPU
		{B91A64DC-27D8-41DA-A166-F9D8432AC7AB}.Debug|Any CPU.Build.0 = Debug|Any CPU
		{B91A64DC-27D8-41DA-A166-F9D8432AC7AB}.Release|Any CPU.ActiveCfg = Release|Any CPU
		{B91A64DC-27D8-41DA-A166-F9D8432AC7AB}.Release|Any CPU.Build.0 = Release|Any CPU
		{D0378405-8767-4A2D-B85B-0A08F3C66596}.Debug|Any CPU.ActiveCfg = Debug|Any CPU
		{D0378405-8767-4A2D-B85B-0A08F3C66596}.Debug|Any CPU.Build.0 = Debug|Any CPU
		{D0378405-8767-4A2D-B85B-0A08F3C66596}.Release|Any CPU.ActiveCfg = Release|Any CPU
		{D0378405-8767-4A2D-B85B-0A08F3C66596}.Release|Any CPU.Build.0 = Release|Any CPU
		{2A91A8CD-1CFC-4438-9998-DF279CEE7B27}.Debug|Any CPU.ActiveCfg = Debug|Any CPU
		{2A91A8CD-1CFC-4438-9998-DF279CEE7B27}.Debug|Any CPU.Build.0 = Debug|Any CPU
		{2A91A8CD-1CFC-4438-9998-DF279CEE7B27}.Release|Any CPU.ActiveCfg = Release|Any CPU
		{2A91A8CD-1CFC-4438-9998-DF279CEE7B27}.Release|Any CPU.Build.0 = Release|Any CPU
	EndGlobalSection
	GlobalSection(SolutionProperties) = preSolution
		HideSolutionNode = FALSE
	EndGlobalSection
	GlobalSection(ExtensibilityGlobals) = postSolution
		SolutionGuid = {9B1FBE0B-3342-4709-B268-6C5CFBB33380}
	EndGlobalSection
EndGlobal
